
Microsoft Visual Studio Solution File, Format Version 12.00
# Visual Studio Version 18
VisualStudioVersion = 18.5.11723.231
MinimumVisualStudioVersion = 10.0.40219.1
Project("{FAE04EC0-301F-11D3-BF4B-00C04F79EFBC}") = "WildernessEncounters", "WildernessEncounters\WildernessEncounters.csproj", "{6179A95B-C716-0A9B-E6C9-D2DBF2916A86}"
EndProject
Global
	GlobalSection(SolutionConfigurationPlatforms) = preSolution
		Debug|Any CPU = Debug|Any CPU
		Release|Any CPU = Release|Any CPU
	EndGlobalSection
	GlobalSection(ProjectConfigurationPlatforms) = postSolution
		{6179A95B-C716-0A9B-E6C9-D2DBF2916A86}.Debug|Any CPU.ActiveCfg = Debug|Any CPU
		{6179A95B-C716-0A9B-E6C9-D2DBF2916A86}.Debug|Any CPU.Build.0 = Debug|Any CPU
		{6179A95B-C716-0A9B-E6C9-D2DBF2916A86}.Release|Any CPU.ActiveCfg = Release|Any CPU
		{6179A95B-C716-0A9B-E6C9-D2DBF2916A86}.Release|Any CPU.Build.0 = Release|Any CPU
	EndGlobalSection
	GlobalSection(SolutionProperties) = preSolution
		HideSolutionNode = FALSE
	EndGlobalSection
	GlobalSection(ExtensibilityGlobals) = postSolution
		SolutionGuid = {92D47273-2156-4640-A78F-D8EE2DD6FB76}
	EndGlobalSection
EndGlobal
